// !$*UTF8*$!
{
	archiveVersion = 1;
	classes = {
	};
	objectVersion = 50;
	objects = {

/* Begin PBXBuildFile section */
		AFE0EF6726F16A0E0037F50E /* AppDelegate.swift in Sources */ = {isa = PBXBuildFile; fileRef = AFE0EF6626F16A0E0037F50E /* AppDelegate.swift */; };
		AFE0EF6926F16A0E0037F50E /* SceneDelegate.swift in Sources */ = {isa = PBXBuildFile; fileRef = AFE0EF6826F16A0E0037F50E /* SceneDelegate.swift */; };
		AFE0EF6B26F16A0E0037F50E /* ViewController.swift in Sources */ = {isa = PBXBuildFile; fileRef = AFE0EF6A26F16A0E0037F50E /* ViewController.swift */; };
		AFE0EF6E26F16A0E0037F50E /* Main.storyboard in Resources */ = {isa = PBXBuildFile; fileRef = AFE0EF6C26F16A0E0037F50E /* Main.storyboard */; };
		AFE0EF7026F16A0E0037F50E /* Assets.xcassets in Resources */ = {isa = PBXBuildFile; fileRef = AFE0EF6F26F16A0E0037F50E /* Assets.xcassets */; };
		AFE0EF7326F16A0E0037F50E /* LaunchScreen.storyboard in Resources */ = {isa = PBXBuildFile; fileRef = AFE0EF7126F16A0E0037F50E /* LaunchScreen.storyboard */; };
		AFE0EF7B26F176EA0037F50E /* SqueezeNet.mlkitmodel in Sources */ = {isa = PBXBuildFile; fileRef = AFE0EF7A26F176EA0037F50E /* SqueezeNet.mlkitmodel */; };
/* End PBXBuildFile section */

/* Begin PBXFileReference section */
		AFE0EF6326F16A0E0037F50E /* SmartCameraCoreML.app */ = {isa = PBXFileReference; explicitFileType = wrapper.application; includeInIndex = 0; path = SmartCameraCoreML.app; sourceTree = BUILT_PRODUCTS_DIR; };
		AFE0EF6626F16A0E0037F50E /* AppDelegate.swift */ = {isa = PBXFileReference; lastKnownFileType = sourcecode.swift; path = AppDelegate.swift; sourceTree = "<group>"; };
		AFE0EF6826F16A0E0037F50E /* SceneDelegate.swift */ = {isa = PBXFileReference; lastKnownFileType = sourcecode.swift; path = SceneDelegate.swift; sourceTree = "<group>"; };
		AFE0EF6A26F16A0E0037F50E /* ViewController.swift */ = {isa = PBXFileReference; lastKnownFileType = sourcecode.swift; path = ViewController.swift; sourceTree = "<group>"; };
		AFE0EF6D26F16A0E0037F50E /* Base */ = {isa = PBXFileReference; lastKnownFileType = file.storyboard; name = Base; path = Base.lproj/Main.storyboard; sourceTree = "<group>"; };
		AFE0EF6F26F16A0E0037F50E /* Assets.xcassets */ = {isa = PBXFileReference; lastKnownFileType = folder.assetcatalog; path = Assets.xcassets; sourceTree = "<group>"; };
		AFE0EF7226F16A0E0037F50E /* Base */ = {isa = PBXFileReference; lastKnownFileType = file.storyboard; name = Base; path = Base.lproj/LaunchScreen.storyboard; sourceTree = "<group>"; };
		AFE0EF7426F16A0E0037F50E /* Info.plist */ = {isa = PBXFileReference; lastKnownFileType = text.plist.xml; path = Info.plist; sourceTree = "<group>"; };
		AFE0EF7A26F176EA0037F50E /* SqueezeNet.mlkitmodel */ = {isa = PBXFileReference; lastKnownFileType = file.mlmodel; path = SqueezeNet.mlkitmodel; sourceTree = "<group>"; };
/* End PBXFileReference section */

/* Begin PBXFrameworksBuildPhase section */
		AFE0EF6026F16A0E0037F50E /* Frameworks */ = {
			isa = PBXFrameworksBuildPhase;
			buildActionMask = 2147483647;
			files = (
			);
			runOnlyForDeploymentPostprocessing = 0;
		};
/* End PBXFrameworksBuildPhase section */

/* Begin PBXGroup section */
		AFE0EF5A26F16A0E0037F50E = {
			isa = PBXGroup;
			children = (
				AFE0EF6526F16A0E0037F50E /* SmartCameraCoreML */,
				AFE0EF6426F16A0E0037F50E /* Products */,
			);
			sourceTree = "<group>";
		};
		AFE0EF6426F16A0E0037F50E /* Products */ = {
			isa = PBXGroup;
			children = (
				AFE0EF6326F16A0E0037F50E /* SmartCameraCoreML.app */,
			);
			name = Products;
			sourceTree = "<group>";
		};
		AFE0EF6526F16A0E0037F50E /* SmartCameraCoreML */ = {
			isa = PBXGroup;
			children = (
				AFE0EF7A26F176EA0037F50E /* SqueezeNet.mlkitmodel */,
				AFE0EF6626F16A0E0037F50E /* AppDelegate.swift */,
				AFE0EF6826F16A0E0037F50E /* SceneDelegate.swift */,
				AFE0EF6A26F16A0E0037F50E /* ViewController.swift */,
				AFE0EF6C26F16A0E0037F50E /* Main.storyboard */,
				AFE0EF6F26F16A0E0037F50E /* Assets.xcassets */,
				AFE0EF7126F16A0E0037F50E /* LaunchScreen.storyboard */,
				AFE0EF7426F16A0E0037F50E /* Info.plist */,
			);
			path = SmartCameraCoreML;
			sourceTree = "<group>";
		};
/* End PBXGroup section */

/* Begin PBXNativeTarget section */
		AFE0EF6226F16A0E0037F50E /* SmartCameraCoreML */ = {
			isa = PBXNativeTarget;
			buildConfigurationList = AFE0EF7726F16A0E0037F50E /* Build configuration list for PBXNativeTarget "SmartCameraCoreML" */;
			buildPhases = (
				AFE0EF5F26F16A0E0037F50E /* Sources */,
				AFE0EF6026F16A0E0037F50E /* Frameworks */,
				AFE0EF6126F16A0E0037F50E /* Resources */,
			);
			buildRules = (
			);
			dependencies = (
			);
			name = SmartCameraCoreML;
			productName = SmartCameraCoreML;
			productReference = AFE0EF6326F16A0E0037F50E /* SmartCameraCoreML.app */;
			productType = "com.apple.product-type.application";
		};
/* End PBXNativeTarget section */

/* Begin PBXProject section */
		AFE0EF5B26F16A0E0037F50E /* Project object */ = {
			isa = PBXProject;
			attributes = {
				LastSwiftUpdateCheck = 1250;
				LastUpgradeCheck = 1250;
				TargetAttributes = {
					AFE0EF6226F16A0E0037F50E = {
						CreatedOnToolsVersion = 12.5.1;
					};
				};
			};
			buildConfigurationList = AFE0EF5E26F16A0E0037F50E /* Build configuration list for PBXProject "SmartCameraCoreML" */;
			compatibilityVersion = "Xcode 9.3";
			developmentRegion = en;
			hasScannedForEncodings = 0;
			knownRegions = (
				en,
				Base,
			);
			mainGroup = AFE0EF5A26F16A0E0037F50E;
			productRefGroup = AFE0EF6426F16A0E0037F50E /* Products */;
			projectDirPath = "";
			projectRoot = "";
			targets = (
				AFE0EF6226F16A0E0037F50E /* SmartCameraCoreML */,
			);
		};
/* End PBXProject section */

/* Begin PBXResourcesBuildPhase section */
		AFE0EF6126F16A0E0037F50E /* Resources */ = {
			isa = PBXResourcesBuildPhase;
			buildActionMask = 2147483647;
			files = (
				AFE0EF7326F16A0E0037F50E /* LaunchScreen.storyboard in Resources */,
				AFE0EF7026F16A0E0037F50E /* Assets.xcassets in Resources */,
				AFE0EF6E26F16A0E0037F50E /* Main.storyboard in Resources */,
			);
			runOnlyForDeploymentPostprocessing = 0;
		};
/* End PBXResourcesBuildPhase section */

/* Begin PBXSourcesBuildPhase section */
		AFE0EF5F26F16A0E0037F50E /* Sources */ = {
			isa = PBXSourcesBuildPhase;
			buildActionMask = 2147483647;
			files = (
				AFE0EF6B26F16A0E0037F50E /* ViewController.swift in Sources */,
				AFE0EF6726F16A0E0037F50E /* AppDelegate.swift in Sources */,
				AFE0EF7B26F176EA0037F50E /* SqueezeNet.mlkitmodel in Sources */,
				AFE0EF6926F16A0E0037F50E /* SceneDelegate.swift in Sources */,
			);
			runOnlyForDeploymentPostprocessing = 0;
		};
/* End PBXSourcesBuildPhase section */

/* Begin PBXVariantGroup section */
		AFE0EF6C26F16A0E0037F50E /* Main.storyboard */ = {
			isa = PBXVariantGroup;
			children = (
				AFE0EF6D26F16A0E0037F50E /* Base */,
			);
			name = Main.storyboard;
			sourceTree = "<group>";
		};
		AFE0EF7126F16A0E0037F50E /* LaunchScreen.storyboard */ = {
			isa = PBXVariantGroup;
			children = (
				AFE0EF7226F16A0E0037F50E /* Base */,
			);
			name = LaunchScreen.storyboard;
			sourceTree = "<group>";
		};
/* End PBXVariantGroup section */

/* Begin XCBuildConfiguration section */
		AFE0EF7526F16A0E0037F50E /* Debug */ = {
			isa = XCBuildConfiguration;
			buildSettings = {
				ALWAYS_SEARCH_USER_PATHS = NO;
				CLANG_ANALYZER_NONNULL = YES;
				CLANG_ANALYZER_NUMBER_OBJECT_CONVERSION = YES_AGGRESSIVE;
				CLANG_CXX_LANGUAGE_STANDARD = "gnu++14";
				CLANG_CXX_LIBRARY = "libc++";
				CLANG_ENABLE_MODULES = YES;
				CLANG_ENABLE_OBJC_ARC = YES;
				CLANG_ENABLE_OBJC_WEAK = YES;
				CLANG_WARN_BLOCK_CAPTURE_AUTORELEASING = YES;
				CLANG_WARN_BOOL_CONVERSION = YES;
				CLANG_WARN_COMMA = YES;
				CLANG_WARN_CONSTANT_CONVERSION = YES;
				CLANG_WARN_DEPRECATED_OBJC_IMPLEMENTATIONS = YES;
				CLANG_WARN_DIRECT_OBJC_ISA_USAGE = YES_ERROR;
				CLANG_WARN_DOCUMENTATION_COMMENTS = YES;
				CLANG_WARN_EMPTY_BODY = YES;
				CLANG_WARN_ENUM_CONVERSION = YES;
				CLANG_WARN_INFINITE_RECURSION = YES;
				CLANG_WARN_INT_CONVERSION = YES;
				CLANG_WARN_NON_LITERAL_NULL_CONVERSION = YES;
				CLANG_WARN_OBJC_IMPLICIT_RETAIN_SELF = YES;
				CLANG_WARN_OBJC_LITERAL_CONVERSION = YES;
				CLANG_WARN_OBJC_ROOT_CLASS = YES_ERROR;
				CLANG_WARN_QUOTED_INCLUDE_IN_FRAMEWORK_HEADER = YES;
				CLANG_WARN_RANGE_LOOP_ANALYSIS = YES;
				CLANG_WARN_STRICT_PROTOTYPES = YES;
				CLANG_WARN_SUSPICIOUS_MOVE = YES;
				CLANG_WARN_UNGUARDED_AVAILABILITY = YES_AGGRESSIVE;
				CLANG_WARN_UNREACHABLE_CODE = YES;
				CLANG_WARN__DUPLICATE_METHOD_MATCH = YES;
				COPY_PHASE_STRIP = NO;
				DEBUG_INFORMATION_FORMAT = dwarf;
				ENABLE_STRICT_OBJC_MSGSEND = YES;
				ENABLE_TESTABILITY = YES;
				GCC_C_LANGUAGE_STANDARD = gnu11;
				GCC_DYNAMIC_NO_PIC = NO;
				GCC_NO_COMMON_BLOCKS = YES;
				GCC_OPTIMIZATION_LEVEL = 0;
				GCC_PREPROCESSOR_DEFINITIONS = (
					"DEBUG=1",
					"$(inherited)",
				);
				GCC_WARN_64_TO_32_BIT_CONVERSION = YES;
				GCC_WARN_ABOUT_RETURN_TYPE = YES_ERROR;
				GCC_WARN_UNDECLARED_SELECTOR = YES;
				GCC_WARN_UNINITIALIZED_AUTOS = YES_AGGRESSIVE;
				GCC_WARN_UNUSED_FUNCTION = YES;
				GCC_WARN_UNUSED_VARIABLE = YES;
				IPHONEOS_DEPLOYMENT_TARGET = 14.5;
				MTL_ENABLE_DEBUG_INFO = INCLUDE_SOURCE;
				MTL_FAST_MATH = YES;
				ONLY_ACTIVE_ARCH = YES;
				SDKROOT = iphoneos;
				SWIFT_ACTIVE_COMPILATION_CONDITIONS = DEBUG;
				SWIFT_OPTIMIZATION_LEVEL = "-Onone";
			};
			name = Debug;
		};
		AFE0EF7626F16A0E0037F50E /* Release */ = {
			isa = XCBuildConfiguration;
			buildSettings = {
				ALWAYS_SEARCH_USER_PATHS = NO;
				CLANG_ANALYZER_NONNULL = YES;
				CLANG_ANALYZER_NUMBER_OBJECT_CONVERSION = YES_AGGRESSIVE;
				CLANG_CXX_LANGUAGE_STANDARD = "gnu++14";
				CLANG_CXX_LIBRARY = "libc++";
				CLANG_ENABLE_MODULES = YES;
				CLANG_ENABLE_OBJC_ARC = YES;
				CLANG_ENABLE_OBJC_WEAK = YES;
				CLANG_WARN_BLOCK_CAPTURE_AUTORELEASING = YES;
				CLANG_WARN_BOOL_CONVERSION = YES;
				CLANG_WARN_COMMA = YES;
				CLANG_WARN_CONSTANT_CONVERSION = YES;
				CLANG_WARN_DEPRECATED_OBJC_IMPLEMENTATIONS = YES;
				CLANG_WARN_DIRECT_OBJC_ISA_USAGE = YES_ERROR;
				CLANG_WARN_DOCUMENTATION_COMMENTS = YES;
				CLANG_WARN_EMPTY_BODY = YES;
				CLANG_WARN_ENUM_CONVERSION = YES;
				CLANG_WARN_INFINITE_RECURSION = YES;
				CLANG_WARN_INT_CONVERSION = YES;
				CLANG_WARN_NON_LITERAL_NULL_CONVERSION = YES;
				CLANG_WARN_OBJC_IMPLICIT_RETAIN_SELF = YES;
				CLANG_WARN_OBJC_LITERAL_CONVERSION = YES;
				CLANG_WARN_OBJC_ROOT_CLASS = YES_ERROR;
				CLANG_WARN_QUOTED_INCLUDE_IN_FRAMEWORK_HEADER = YES;
				CLANG_WARN_RANGE_LOOP_ANALYSIS = YES;
				CLANG_WARN_STRICT_PROTOTYPES = YES;
				CLANG_WARN_SUSPICIOUS_MOVE = YES;
				CLANG_WARN_UNGUARDED_AVAILABILITY = YES_AGGRESSIVE;
				CLANG_WARN_UNREACHABLE_CODE = YES;
				CLANG_WARN__DUPLICATE_METHOD_MATCH = YES;
				COPY_PHASE_STRIP = NO;
				DEBUG_INFORMATION_FORMAT = "dwarf-with-dsym";
				ENABLE_NS_ASSERTIONS = NO;
				ENABLE_STRICT_OBJC_MSGSEND = YES;
				GCC_C_LANGUAGE_STANDARD = gnu11;
				GCC_NO_COMMON_BLOCKS = YES;
				GCC_WARN_64_TO_32_BIT_CONVERSION = YES;
				GCC_WARN_ABOUT_RETURN_TYPE = YES_ERROR;
				GCC_WARN_UNDECLARED_SELECTOR = YES;
				GCC_WARN_UNINITIALIZED_AUTOS = YES_AGGRESSIVE;
				GCC_WARN_UNUSED_FUNCTION = YES;
				GCC_WARN_UNUSED_VARIABLE = YES;
				IPHONEOS_DEPLOYMENT_TARGET = 14.5;
				MTL_ENABLE_DEBUG_INFO = NO;
				MTL_FAST_MATH = YES;
				SDKROOT = iphoneos;
				SWIFT_COMPILATION_MODE = wholemodule;
				SWIFT_OPTIMIZATION_LEVEL = "-O";
				VALIDATE_PRODUCT = YES;
			};
			name = Release;
		};
		AFE0EF7826F16A0E0037F50E /* Debug */ = {
			isa = XCBuildConfiguration;
			buildSettings = {
				ASSETCATALOG_COMPILER_APPICON_NAME = AppIcon;
				ASSETCATALOG_COMPILER_GLOBAL_ACCENT_COLOR_NAME = AccentColor;
				CODE_SIGN_STYLE = Automatic;
				DEVELOPMENT_TEAM = 9R83SQPBMD;
				INFOPLIST_FILE = SmartCameraCoreML/Info.plist;
				LD_RUNPATH_SEARCH_PATHS = (
					"$(inherited)",
					"@executable_path/Frameworks",
				);
				PRODUCT_BUNDLE_IDENTIFIER = com.imthiago.SmartCameraCoreML;
				PRODUCT_NAME = "$(TARGET_NAME)";
				SWIFT_VERSION = 5.0;
				TARGETED_DEVICE_FAMILY = "1,2";
			};
			name = Debug;
		};
		AFE0EF7926F16A0E0037F50E /* Release */ = {
			isa = XCBuildConfiguration;
			buildSettings = {
				ASSETCATALOG_COMPILER_APPICON_NAME = AppIcon;
				ASSETCATALOG_COMPILER_GLOBAL_ACCENT_COLOR_NAME = AccentColor;
				CODE_SIGN_STYLE = Automatic;
				DEVELOPMENT_TEAM = 9R83SQPBMD;
				INFOPLIST_FILE = SmartCameraCoreML/Info.plist;
				LD_RUNPATH_SEARCH_PATHS = (
					"$(inherited)",
					"@executable_path/Frameworks",
				);
				PRODUCT_BUNDLE_IDENTIFIER = com.imthiago.SmartCameraCoreML;
				PRODUCT_NAME = "$(TARGET_NAME)";
				SWIFT_VERSION = 5.0;
				TARGETED_DEVICE_FAMILY = "1,2";
			};
			name = Release;
		};
/* End XCBuildConfiguration section */

/* Begin XCConfigurationList section */
		AFE0EF5E26F16A0E0037F50E /* Build configuration list for PBXProject "SmartCameraCoreML" */ = {
			isa = XCConfigurationList;
			buildConfigurations = (
				AFE0EF7526F16A0E0037F50E /* Debug */,
				AFE0EF7626F16A0E0037F50E /* Release */,
			);
			defaultConfigurationIsVisible = 0;
			defaultConfigurationName = Release;
		};
		AFE0EF7726F16A0E0037F50E /* Build configuration list for PBXNativeTarget "SmartCameraCoreML" */ = {
			isa = XCConfigurationList;
			buildConfigurations = (
				AFE0EF7826F16A0E0037F50E /* Debug */,
				AFE0EF7926F16A0E0037F50E /* Release */,
			);
			defaultConfigurationIsVisible = 0;
			defaultConfigurationName = Release;
		};
/* End XCConfigurationList section */
	};
	rootObject = AFE0EF5B26F16A0E0037F50E /* Project object */;
}
